{
  "originHash" : "0cc9d3bf8794d3c99f133bd46ee6a6a2388a542741a89176fd6207b54931f20c",
  "pins" : [
    {
      "identity" : "pythonkit",
      "kind" : "remoteSourceControl",
      "location" : "https://github.com/pvieito/PythonKit",
      "state" : {
        "branch" : "main",
        "revision" : "1ac25ddddca845ba0184911de9c00e1508948cf8"
      }
    }
  ],
  "version" : 3
}
